PODS:
  - SNavigationController (1.0.0)

DEPENDENCIES:
  - SNavigationController (from `../`)

EXTERNAL SOURCES:
  SNavigationController:
    :path: ../

SPEC CHECKSUMS:
  SNavigationController: c357986a540b933e277d56bef9bc63fd7b386263

PODFILE CHECKSUM: 4d396b0ee9ca699c71ac63d720c20e21d9d32a02

COCOAPODS: 1.4.0
